# THIS IS AN AUTOGENERATED FILE. DO NOT EDIT THIS FILE DIRECTLY.
# yarn lockfile v1


"@fortawesome/fontawesome-common-types@^0.2.32":
  version "0.2.32"
  resolved "https://registry.yarnpkg.com/@fortawesome/fontawesome-common-types/-/fontawesome-common-types-0.2.32.tgz#3436795d5684f22742989bfa08f46f50f516f259"
  integrity sha512-ux2EDjKMpcdHBVLi/eWZynnPxs0BtFVXJkgHIxXRl+9ZFaHPvYamAfCzeeQFqHRjuJtX90wVnMRaMQAAlctz3w==

"@fortawesome/free-regular-svg-icons@^5.15.1":
  version "5.15.1"
  resolved "https://registry.yarnpkg.com/@fortawesome/free-regular-svg-icons/-/free-regular-svg-icons-5.15.1.tgz#a8897d0ce325352dbba0e943101323e0175ee2b2"
  integrity sha512-eD9NWFy89e7SVVtrLedJUxIpCBGhd4x7s7dhesokjyo1Tw62daqN5UcuAGu1NrepLLq1IeAYUVfWwnOjZ/j3HA==
  dependencies:
    "@fortawesome/fontawesome-common-types" "^0.2.32"
